
Microsoft Visual Studio Solution File, Format Version 12.00
# Visual Studio Version 16
VisualStudioVersion = 16.0.31911.196
MinimumVisualStudioVersion = 10.0.40219.1
Project("{FAE04EC0-301F-11D3-BF4B-00C04F79EFBC}") = "CRUDPractica", "CRUDPractica\CRUDPractica.csproj", "{55E71BF6-F4C5-4E35-9107-547EE7C2FEBA}"
EndProject
Global
	GlobalSection(SolutionConfigurationPlatforms) = preSolution
		Debug|Any CPU = Debug|Any CPU
		Release|Any CPU = Release|Any CPU
	EndGlobalSection
	GlobalSection(ProjectConfigurationPlatforms) = postSolution
		{55E71BF6-F4C5-4E35-9107-547EE7C2FEBA}.Debug|Any CPU.ActiveCfg = Debug|Any CPU
		{55E71BF6-F4C5-4E35-9107-547EE7C2FEBA}.Debug|Any CPU.Build.0 = Debug|Any CPU
		{55E71BF6-F4C5-4E35-9107-547EE7C2FEBA}.Release|Any CPU.ActiveCfg = Release|Any CPU
		{55E71BF6-F4C5-4E35-9107-547EE7C2FEBA}.Release|Any CPU.Build.0 = Release|Any CPU
	EndGlobalSection
	GlobalSection(SolutionProperties) = preSolution
		HideSolutionNode = FALSE
	EndGlobalSection
	GlobalSection(ExtensibilityGlobals) = postSolution
		SolutionGuid = {43F609BB-D36A-44DB-A76B-3A84402A90B0}
	EndGlobalSection
EndGlobal
